// !$*UTF8*$!
{
	archiveVersion = 1;
	classes = {
	};
	objectVersion = 46;
	objects = {

/* Begin PBXBuildFile section */
		8B6A9B1D1C6CDA8A00DEA297 /* AppDelegate.swift in Sources */ = {isa = PBXBuildFile; fileRef = 8B6A9B1C1C6CDA8A00DEA297 /* AppDelegate.swift */; };
		8B6A9B1F1C6CDA8A00DEA297 /* ViewController.swift in Sources */ = {isa = PBXBuildFile; fileRef = 8B6A9B1E1C6CDA8A00DEA297 /* ViewController.swift */; };
		8B6A9B221C6CDA8A00DEA297 /* Main.storyboard in Resources */ = {isa = PBXBuildFile; fileRef = 8B6A9B201C6CDA8A00DEA297 /* Main.storyboard */; };
		8B6A9B251C6CDA8A00DEA297 /* ReproductorMusical.xcdatamodeld in Sources */ = {isa = PBXBuildFile; fileRef = 8B6A9B231C6CDA8A00DEA297 /* ReproductorMusical.xcdatamodeld */; };
		8B6A9B271C6CDA8A00DEA297 /* Assets.xcassets in Resources */ = {isa = PBXBuildFile; fileRef = 8B6A9B261C6CDA8A00DEA297 /* Assets.xcassets */; };
		8B6A9B2A1C6CDA8A00DEA297 /* LaunchScreen.storyboard in Resources */ = {isa = PBXBuildFile; fileRef = 8B6A9B281C6CDA8A00DEA297 /* LaunchScreen.storyboard */; };
/* End PBXBuildFile section */

/* Begin PBXFileReference section */
		8B6A9B191C6CDA8A00DEA297 /* ReproductorMusical.app */ = {isa = PBXFileReference; explicitFileType = wrapper.application; includeInIndex = 0; path = ReproductorMusical.app; sourceTree = BUILT_PRODUCTS_DIR; };
		8B6A9B1C1C6CDA8A00DEA297 /* AppDelegate.swift */ = {isa = PBXFileReference; lastKnownFileType = sourcecode.swift; path = AppDelegate.swift; sourceTree = "<group>"; };
		8B6A9B1E1C6CDA8A00DEA297 /* ViewController.swift */ = {isa = PBXFileReference; lastKnownFileType = sourcecode.swift; path = ViewController.swift; sourceTree = "<group>"; };
		8B6A9B211C6CDA8A00DEA297 /* Base */ = {isa = PBXFileReference; lastKnownFileType = file.storyboard; name = Base; path = Base.lproj/Main.storyboard; sourceTree = "<group>"; };
		8B6A9B241C6CDA8A00DEA297 /* ReproductorMusical.xcdatamodel */ = {isa = PBXFileReference; lastKnownFileType = wrapper.xcdatamodel; path = ReproductorMusical.xcdatamodel; sourceTree = "<group>"; };
		8B6A9B261C6CDA8A00DEA297 /* Assets.xcassets */ = {isa = PBXFileReference; lastKnownFileType = folder.assetcatalog; path = Assets.xcassets; sourceTree = "<group>"; };
		8B6A9B291C6CDA8A00DEA297 /* Base */ = {isa = PBXFileReference; lastKnownFileType = file.storyboard; name = Base; path = Base.lproj/LaunchScreen.storyboard; sourceTree = "<group>"; };
		8B6A9B2B1C6CDA8A00DEA297 /* Info.plist */ = {isa = PBXFileReference; lastKnownFileType = text.plist.xml; path = Info.plist; sourceTree = "<group>"; };
/* End PBXFileReference section */

/* Begin PBXFrameworksBuildPhase section */
		8B6A9B161C6CDA8A00DEA297 /* Frameworks */ = {
			isa = PBXFrameworksBuildPhase;
			buildActionMask = 2147483647;
			files = (
			);
			runOnlyForDeploymentPostprocessing = 0;
		};
/* End PBXFrameworksBuildPhase section */

/* Begin PBXGroup section */
		8B6A9B101C6CDA8A00DEA297 = {
			isa = PBXGroup;
			children = (
				8B6A9B1B1C6CDA8A00DEA297 /* ReproductorMusical */,
				8B6A9B1A1C6CDA8A00DEA297 /* Products */,
			);
			sourceTree = "<group>";
		};
		8B6A9B1A1C6CDA8A00DEA297 /* Products */ = {
			isa = PBXGroup;
			children = (
				8B6A9B191C6CDA8A00DEA297 /* ReproductorMusical.app */,
			);
			name = Products;
			sourceTree = "<group>";
		};
		8B6A9B1B1C6CDA8A00DEA297 /* ReproductorMusical */ = {
			isa = PBXGroup;
			children = (
				8B6A9B1C1C6CDA8A00DEA297 /* AppDelegate.swift */,
				8B6A9B1E1C6CDA8A00DEA297 /* ViewController.swift */,
				8B6A9B201C6CDA8A00DEA297 /* Main.storyboard */,
				8B6A9B261C6CDA8A00DEA297 /* Assets.xcassets */,
				8B6A9B281C6CDA8A00DEA297 /* LaunchScreen.storyboard */,
				8B6A9B2B1C6CDA8A00DEA297 /* Info.plist */,
				8B6A9B231C6CDA8A00DEA297 /* ReproductorMusical.xcdatamodeld */,
			);
			path = ReproductorMusical;
			sourceTree = "<group>";
		};
/* End PBXGroup section */

/* Begin PBXNativeTarget section */
		8B6A9B181C6CDA8A00DEA297 /* ReproductorMusical */ = {
			isa = PBXNativeTarget;
			buildConfigurationList = 8B6A9B2E1C6CDA8A00DEA297 /* Build configuration list for PBXNativeTarget "ReproductorMusical" */;
			buildPhases = (
				8B6A9B151C6CDA8A00DEA297 /* Sources */,
				8B6A9B161C6CDA8A00DEA297 /* Frameworks */,
				8B6A9B171C6CDA8A00DEA297 /* Resources */,
			);
			buildRules = (
			);
			dependencies = (
			);
			name = ReproductorMusical;
			productName = ReproductorMusical;
			productReference = 8B6A9B191C6CDA8A00DEA297 /* ReproductorMusical.app */;
			productType = "com.apple.product-type.application";
		};
/* End PBXNativeTarget section */

/* Begin PBXProject section */
		8B6A9B111C6CDA8A00DEA297 /* Project object */ = {
			isa = PBXProject;
			attributes = {
				LastSwiftUpdateCheck = 0720;
				LastUpgradeCheck = 0720;
				ORGANIZATIONNAME = "Jose Luis Garcia Dueñas";
				TargetAttributes = {
					8B6A9B181C6CDA8A00DEA297 = {
						CreatedOnToolsVersion = 7.2.1;
						DevelopmentTeam = 682M5QZLPG;
					};
				};
			};
			buildConfigurationList = 8B6A9B141C6CDA8A00DEA297 /* Build configuration list for PBXProject "ReproductorMusical" */;
			compatibilityVersion = "Xcode 3.2";
			developmentRegion = English;
			hasScannedForEncodings = 0;
			knownRegions = (
				en,
				Base,
			);
			mainGroup = 8B6A9B101C6CDA8A00DEA297;
			productRefGroup = 8B6A9B1A1C6CDA8A00DEA297 /* Products */;
			projectDirPath = "";
			projectRoot = "";
			targets = (
				8B6A9B181C6CDA8A00DEA297 /* ReproductorMusical */,
			);
		};
/* End PBXProject section */

/* Begin PBXResourcesBuildPhase section */
		8B6A9B171C6CDA8A00DEA297 /* Resources */ = {
			isa = PBXResourcesBuildPhase;
			buildActionMask = 2147483647;
			files = (
				8B6A9B2A1C6CDA8A00DEA297 /* LaunchScreen.storyboard in Resources */,
				8B6A9B271C6CDA8A00DEA297 /* Assets.xcassets in Resources */,
				8B6A9B221C6CDA8A00DEA297 /* Main.storyboard in Resources */,
			);
			runOnlyForDeploymentPostprocessing = 0;
		};
/* End PBXResourcesBuildPhase section */

/* Begin PBXSourcesBuildPhase section */
		8B6A9B151C6CDA8A00DEA297 /* Sources */ = {
			isa = PBXSourcesBuildPhase;
			buildActionMask = 2147483647;
			files = (
				8B6A9B1F1C6CDA8A00DEA297 /* ViewController.swift in Sources */,
				8B6A9B251C6CDA8A00DEA297 /* ReproductorMusical.xcdatamodeld in Sources */,
				8B6A9B1D1C6CDA8A00DEA297 /* AppDelegate.swift in Sources */,
			);
			runOnlyForDeploymentPostprocessing = 0;
		};
/* End PBXSourcesBuildPhase section */

/* Begin PBXVariantGroup section */
		8B6A9B201C6CDA8A00DEA297 /* Main.storyboard */ = {
			isa = PBXVariantGroup;
			children = (
				8B6A9B211C6CDA8A00DEA297 /* Base */,
			);
			name = Main.storyboard;
			sourceTree = "<group>";
		};
		8B6A9B281C6CDA8A00DEA297 /* LaunchScreen.storyboard */ = {
			isa = PBXVariantGroup;
			children = (
				8B6A9B291C6CDA8A00DEA297 /* Base */,
			);
			name = LaunchScreen.storyboard;
			sourceTree = "<group>";
		};
/* End PBXVariantGroup section */

/* Begin XCBuildConfiguration section */
		8B6A9B2C1C6CDA8A00DEA297 /* Debug */ = {
			isa = XCBuildConfiguration;
			buildSettings = {
				ALWAYS_SEARCH_USER_PATHS = NO;
				CLANG_CXX_LANGUAGE_STANDARD = "gnu++0x";
				CLANG_CXX_LIBRARY = "libc++";
				CLANG_ENABLE_MODULES = YES;
				CLANG_ENABLE_OBJC_ARC = YES;
				CLANG_WARN_BOOL_CONVERSION = YES;
				CLANG_WARN_CONSTANT_CONVERSION = YES;
				CLANG_WARN_DIRECT_OBJC_ISA_USAGE = YES_ERROR;
				CLANG_WARN_EMPTY_BODY = YES;
				CLANG_WARN_ENUM_CONVERSION = YES;
				CLANG_WARN_INT_CONVERSION = YES;
				CLANG_WARN_OBJC_ROOT_CLASS = YES_ERROR;
				CLANG_WARN_UNREACHABLE_CODE = YES;
				CLANG_WARN__DUPLICATE_METHOD_MATCH = YES;
				"CODE_SIGN_IDENTITY[sdk=iphoneos*]" = "iPhone Developer";
				COPY_PHASE_STRIP = NO;
				DEBUG_INFORMATION_FORMAT = dwarf;
				ENABLE_STRICT_OBJC_MSGSEND = YES;
				ENABLE_TESTABILITY = YES;
				GCC_C_LANGUAGE_STANDARD = gnu99;
				GCC_DYNAMIC_NO_PIC = NO;
				GCC_NO_COMMON_BLOCKS = YES;
				GCC_OPTIMIZATION_LEVEL = 0;
				GCC_PREPROCESSOR_DEFINITIONS = (
					"DEBUG=1",
					"$(inherited)",
				);
				GCC_WARN_64_TO_32_BIT_CONVERSION = YES;
				GCC_WARN_ABOUT_RETURN_TYPE = YES_ERROR;
				GCC_WARN_UNDECLARED_SELECTOR = YES;
				GCC_WARN_UNINITIALIZED_AUTOS = YES_AGGRESSIVE;
				GCC_WARN_UNUSED_FUNCTION = YES;
				GCC_WARN_UNUSED_VARIABLE = YES;
				IPHONEOS_DEPLOYMENT_TARGET = 9.2;
				MTL_ENABLE_DEBUG_INFO = YES;
				ONLY_ACTIVE_ARCH = YES;
				SDKROOT = iphoneos;
				SWIFT_OPTIMIZATION_LEVEL = "-Onone";
			};
			name = Debug;
		};
		8B6A9B2D1C6CDA8A00DEA297 /* Release */ = {
			isa = XCBuildConfiguration;
			buildSettings = {
				ALWAYS_SEARCH_USER_PATHS = NO;
				CLANG_CXX_LANGUAGE_STANDARD = "gnu++0x";
				CLANG_CXX_LIBRARY = "libc++";
				CLANG_ENABLE_MODULES = YES;
				CLANG_ENABLE_OBJC_ARC = YES;
				CLANG_WARN_BOOL_CONVERSION = YES;
				CLANG_WARN_CONSTANT_CONVERSION = YES;
				CLANG_WARN_DIRECT_OBJC_ISA_USAGE = YES_ERROR;
				CLANG_WARN_EMPTY_BODY = YES;
				CLANG_WARN_ENUM_CONVERSION = YES;
				CLANG_WARN_INT_CONVERSION = YES;
				CLANG_WARN_OBJC_ROOT_CLASS = YES_ERROR;
				CLANG_WARN_UNREACHABLE_CODE = YES;
				CLANG_WARN__DUPLICATE_METHOD_MATCH = YES;
				"CODE_SIGN_IDENTITY[sdk=iphoneos*]" = "iPhone Developer";
				COPY_PHASE_STRIP = NO;
				DEBUG_INFORMATION_FORMAT = "dwarf-with-dsym";
				ENABLE_NS_ASSERTIONS = NO;
				ENABLE_STRICT_OBJC_MSGSEND = YES;
				GCC_C_LANGUAGE_STANDARD = gnu99;
				GCC_NO_COMMON_BLOCKS = YES;
				GCC_WARN_64_TO_32_BIT_CONVERSION = YES;
				GCC_WARN_ABOUT_RETURN_TYPE = YES_ERROR;
				GCC_WARN_UNDECLARED_SELECTOR = YES;
				GCC_WARN_UNINITIALIZED_AUTOS = YES_AGGRESSIVE;
				GCC_WARN_UNUSED_FUNCTION = YES;
				GCC_WARN_UNUSED_VARIABLE = YES;
				IPHONEOS_DEPLOYMENT_TARGET = 9.2;
				MTL_ENABLE_DEBUG_INFO = NO;
				SDKROOT = iphoneos;
				VALIDATE_PRODUCT = YES;
			};
			name = Release;
		};
		8B6A9B2F1C6CDA8A00DEA297 /* Debug */ = {
			isa = XCBuildConfiguration;
			buildSettings = {
				ASSETCATALOG_COMPILER_APPICON_NAME = AppIcon;
				INFOPLIST_FILE = ReproductorMusical/Info.plist;
				LD_RUNPATH_SEARCH_PATHS = "$(inherited) @executable_path/Frameworks";
				PRODUCT_BUNDLE_IDENTIFIER = JoseLuisGarcia.ReproductorMusical;
				PRODUCT_NAME = "$(TARGET_NAME)";
			};
			name = Debug;
		};
		8B6A9B301C6CDA8A00DEA297 /* Release */ = {
			isa = XCBuildConfiguration;
			buildSettings = {
				ASSETCATALOG_COMPILER_APPICON_NAME = AppIcon;
				INFOPLIST_FILE = ReproductorMusical/Info.plist;
				LD_RUNPATH_SEARCH_PATHS = "$(inherited) @executable_path/Frameworks";
				PRODUCT_BUNDLE_IDENTIFIER = JoseLuisGarcia.ReproductorMusical;
				PRODUCT_NAME = "$(TARGET_NAME)";
			};
			name = Release;
		};
/* End XCBuildConfiguration section */

/* Begin XCConfigurationList section */
		8B6A9B141C6CDA8A00DEA297 /* Build configuration list for PBXProject "ReproductorMusical" */ = {
			isa = XCConfigurationList;
			buildConfigurations = (
				8B6A9B2C1C6CDA8A00DEA297 /* Debug */,
				8B6A9B2D1C6CDA8A00DEA297 /* Release */,
			);
			defaultConfigurationIsVisible = 0;
			defaultConfigurationName = Release;
		};
		8B6A9B2E1C6CDA8A00DEA297 /* Build configuration list for PBXNativeTarget "ReproductorMusical" */ = {
			isa = XCConfigurationList;
			buildConfigurations = (
				8B6A9B2F1C6CDA8A00DEA297 /* Debug */,
				8B6A9B301C6CDA8A00DEA297 /* Release */,
			);
			defaultConfigurationIsVisible = 0;
		};
/* End XCConfigurationList section */

/* Begin XCVersionGroup section */
		8B6A9B231C6CDA8A00DEA297 /* ReproductorMusical.xcdatamodeld */ = {
			isa = XCVersionGroup;
			children = (
				8B6A9B241C6CDA8A00DEA297 /* ReproductorMusical.xcdatamodel */,
			);
			currentVersion = 8B6A9B241C6CDA8A00DEA297 /* ReproductorMusical.xcdatamodel */;
			path = ReproductorMusical.xcdatamodeld;
			sourceTree = "<group>";
			versionGroupType = wrapper.xcdatamodel;
		};
/* End XCVersionGroup section */
	};
	rootObject = 8B6A9B111C6CDA8A00DEA297 /* Project object */;
}
